{"_meta":{"file-type":"spack-lockfile","lockfile-version":5,"specfile-version":4},"spack":{"version":"0.23.0.dev0","type":"git","commit":"737b70cbbfacb3fba8054426e9b5bf8ede6d8faf"},"roots":[{"hash":"rpnylci2yvpc5r2sbzvuebdrglsgylhn","spec":"elsi@master fflags=-fallow-argument-mismatch ~use_external_elpa~use_external_ntpoly~use_external_omm"}],"concrete_specs":{"rpnylci2yvpc5r2sbzvuebdrglsgylhn":{"name":"elsi","version":"master","arch":{"platform":"linux","platform_os":"ubuntu24.04","target":{"name":"zen4","vendor":"AuthenticAMD","features":["abm","aes","avx","avx2","avx512_bf16","avx512_bitalg","avx512_vbmi2","avx512_vnni","avx512_vpopcntdq","avx512bw","avx512cd","avx512dq","avx512f","avx512ifma","avx512vbmi","avx512vl","bmi1","bmi2","clflushopt","clwb","clzero","cx16","f16c","flush_l1d","fma","fsgsbase","gfni","mmx","movbe","pclmulqdq","pku","popcnt","rdseed","sse","sse2","sse4_1","sse4_2","sse4a","ssse3","vaes","vpclmulqdq","xsavec","xsaveopt"],"generation":0,"parents":["zen3","x86_64_v4"]}},"compiler":{"name":"gcc","version":"11.4.0"},"namespace":"elsi-repo","parameters":{"build_system":"cmake","build_type":"Release","cuda":false,"elpa2_kernel":"none","enable_dlaf":false,"enable_pexsi":false,"enable_sips":false,"generator":"make","internal_elpa_version":"2024","ipo":false,"use_external_elpa":false,"use_external_ntpoly":false,"use_external_omm":false,"cflags":[],"cppflags":[],"cxxflags":[],"fflags":["-fallow-argument-mismatch"],"ldflags":[],"ldlibs":[]},"package_hash":"ein46yq5mqec34ccxpao2h2tlqmox5abfsd4lefphgep6ztktnnq====","dependencies":[{"name":"cmake","hash":"ayfdjfsb4chj7x36cgaadhjsdzeq5o5n","parameters":{"deptypes":["build"],"virtuals":[]}},{"name":"gcc-runtime","hash":"miozlwwbc52az3csdo5o6ymxvp46eiow","parameters":{"deptypes":["link"],"virtuals":[]}},{"name":"glibc","hash":"cdfx5vegdwqasbfwq5utibyi6xqzujr5","parameters":{"deptypes":["link"],"virtuals":["libc"]}},{"name":"gmake","hash":"hvlmesgedr4ynyyjruwrgmmvjsxomasl","parameters":{"deptypes":["build"],"virtuals":[]}},{"name":"mpich","hash":"apkaadd6nzo3uhonavxyd6aalyjqoxvf","parameters":{"deptypes":["build","link"],"virtuals":["mpi"]}},{"name":"netlib-scalapack","hash":"ejgtxiprqietcc767myanwu7q2e3y4ng","parameters":{"deptypes":["link"],"virtuals":["scalapack"]}},{"name":"openblas","hash":"emmmfhmtnz6rbhy3bju7s2rea7elift6","parameters":{"deptypes":["link"],"virtuals":["blas","lapack"]}}],"hash":"rpnylci2yvpc5r2sbzvuebdrglsgylhn"},"ayfdjfsb4chj7x36cgaadhjsdzeq5o5n":{"name":"cmake","version":"3.27.9","arch":{"platform":"linux","platform_os":"ubuntu24.04","target":{"name":"zen4","vendor":"AuthenticAMD","features":["abm","aes","avx","avx2","avx512_bf16","avx512_bitalg","avx512_vbmi2","avx512_vnni","avx512_vpopcntdq","avx512bw","avx512cd","avx512dq","avx512f","avx512ifma","avx512vbmi","avx512vl","bmi1","bmi2","clflushopt","clwb","clzero","cx16","f16c","flush_l1d","fma","fsgsbase","gfni","mmx","movbe","pclmulqdq","pku","popcnt","rdseed","sse","sse2","sse4_1","sse4_2","sse4a","ssse3","vaes","vpclmulqdq","xsavec","xsaveopt"],"generation":0,"parents":["zen3","x86_64_v4"]}},"compiler":{"name":"gcc","version":"11.4.0"},"namespace":"builtin","parameters":{"build_system":"generic","build_type":"Release","doc":false,"ncurses":true,"ownlibs":true,"cflags":[],"cppflags":[],"cxxflags":[],"fflags":[],"ldflags":[],"ldlibs":[]},"package_hash":"4nfzzuirvovagbkvkxjvtkvwyokgaekv3iyo3emo7h2ai42uofmq====","dependencies":[{"name":"curl","hash":"pmscfncsryvu74m6252pa3yxm3qpz7md","parameters":{"deptypes":["build","link"],"virtuals":[]}},{"name":"gcc-runtime","hash":"miozlwwbc52az3csdo5o6ymxvp46eiow","parameters":{"deptypes":["link"],"virtuals":[]}},{"name":"glibc","hash":"cdfx5vegdwqasbfwq5utibyi6xqzujr5","parameters":{"deptypes":["link"],"virtuals":["libc"]}},{"name":"gmake","hash":"hvlmesgedr4ynyyjruwrgmmvjsxomasl","parameters":{"deptypes":["build","link"],"virtuals":[]}},{"name":"ncurses","hash":"dnduav3qirgxnjlggvjqbrwwjn5yhif2","parameters":{"deptypes":["build","link"],"virtuals":[]}},{"name":"zlib-ng","hash":"b2rmqxthgedu2h47dqokbqalsvymnp4e","parameters":{"deptypes":["build","link"],"virtuals":["zlib-api"]}}],"hash":"ayfdjfsb4chj7x36cgaadhjsdzeq5o5n"},"pmscfncsryvu74m6252pa3yxm3qpz7md":{"name":"curl","version":"8.7.1","arch":{"platform":"linux","platform_os":"ubuntu24.04","target":{"name":"zen4","vendor":"AuthenticAMD","features":["abm","aes","avx","avx2","avx512_bf16","avx512_bitalg","avx512_vbmi2","avx512_vnni","avx512_vpopcntdq","avx512bw","avx512cd","avx512dq","avx512f","avx512ifma","avx512vbmi","avx512vl","bmi1","bmi2","clflushopt","clwb","clzero","cx16","f16c","flush_l1d","fma","fsgsbase","gfni","mmx","movbe","pclmulqdq","pku","popcnt","rdseed","sse","sse2","sse4_1","sse4_2","sse4a","ssse3","vaes","vpclmulqdq","xsavec","xsaveopt"],"generation":0,"parents":["zen3","x86_64_v4"]}},"compiler":{"name":"gcc","version":"11.4.0"},"namespace":"builtin","parameters":{"build_system":"autotools","gssapi":false,"ldap":false,"libidn2":false,"librtmp":false,"libs":["shared","static"],"libssh":false,"libssh2":false,"nghttp2":true,"tls":["openssl"],"cflags":[],"cppflags":[],"cxxflags":[],"fflags":[],"ldflags":[],"ldlibs":[]},"package_hash":"kcgsfmigaqmusztsy67k2gfkizipob2uj5o5yub2i4onsxph454q====","dependencies":[{"name":"gcc-runtime","hash":"miozlwwbc52az3csdo5o6ymxvp46eiow","parameters":{"deptypes":["link"],"virtuals":[]}},{"name":"glibc","hash":"cdfx5vegdwqasbfwq5utibyi6xqzujr5","parameters":{"deptypes":["link"],"virtuals":["libc"]}},{"name":"gmake","hash":"hvlmesgedr4ynyyjruwrgmmvjsxomasl","parameters":{"deptypes":["build"],"virtuals":[]}},{"name":"nghttp2","hash":"3yaq6thzezz4scfnia6kuso2dofjto2x","parameters":{"deptypes":["build","link"],"virtuals":[]}},{"name":"openssl","hash":"wbxb5m67nyvmq4j24yu3cocsmo33yysz","parameters":{"deptypes":["build","link"],"virtuals":[]}},{"name":"perl","hash":"tha7qijd4xjznisxopc6czdnvn4d4nwt","parameters":{"deptypes":["build"],"virtuals":[]}},{"name":"pkgconf","hash":"v3l2km4jiy3ojjfnr3u2bxmu52bgzimg","parameters":{"deptypes":["build"],"virtuals":["pkgconfig"]}},{"name":"zlib-ng","hash":"b2rmqxthgedu2h47dqokbqalsvymnp4e","parameters":{"deptypes":["build","link"],"virtuals":["zlib-api"]}}],"hash":"pmscfncsryvu74m6252pa3yxm3qpz7md"},"miozlwwbc52az3csdo5o6ymxvp46eiow":{"name":"gcc-runtime","version":"11.4.0","arch":{"platform":"linux","platform_os":"ubuntu24.04","target":{"name":"zen4","vendor":"AuthenticAMD","features":["abm","aes","avx","avx2","avx512_bf16","avx512_bitalg","avx512_vbmi2","avx512_vnni","avx512_vpopcntdq","avx512bw","avx512cd","avx512dq","avx512f","avx512ifma","avx512vbmi","avx512vl","bmi1","bmi2","clflushopt","clwb","clzero","cx16","f16c","flush_l1d","fma","fsgsbase","gfni","mmx","movbe","pclmulqdq","pku","popcnt","rdseed","sse","sse2","sse4_1","sse4_2","sse4a","ssse3","vaes","vpclmulqdq","xsavec","xsaveopt"],"generation":0,"parents":["zen3","x86_64_v4"]}},"compiler":{"name":"gcc","version":"11.4.0"},"namespace":"builtin","parameters":{"build_system":"generic","cflags":[],"cppflags":[],"cxxflags":[],"fflags":[],"ldflags":[],"ldlibs":[]},"package_hash":"sbry3aldasmsm7cxonkbjh26n4h67jsb7ylzmrtjvxhnecjirboq====","dependencies":[{"name":"glibc","hash":"cdfx5vegdwqasbfwq5utibyi6xqzujr5","parameters":{"deptypes":["link"],"virtuals":["libc"]}}],"hash":"miozlwwbc52az3csdo5o6ymxvp46eiow"},"cdfx5vegdwqasbfwq5utibyi6xqzujr5":{"name":"glibc","version":"2.39","arch":{"platform":"linux","platform_os":"ubuntu24.04","target":{"name":"zen4","vendor":"AuthenticAMD","features":["abm","aes","avx","avx2","avx512_bf16","avx512_bitalg","avx512_vbmi2","avx512_vnni","avx512_vpopcntdq","avx512bw","avx512cd","avx512dq","avx512f","avx512ifma","avx512vbmi","avx512vl","bmi1","bmi2","clflushopt","clwb","clzero","cx16","f16c","flush_l1d","fma","fsgsbase","gfni","mmx","movbe","pclmulqdq","pku","popcnt","rdseed","sse","sse2","sse4_1","sse4_2","sse4a","ssse3","vaes","vpclmulqdq","xsavec","xsaveopt"],"generation":0,"parents":["zen3","x86_64_v4"]}},"compiler":{"name":"gcc","version":"11.4.0"},"namespace":"builtin","parameters":{"build_system":"autotools","cflags":[],"cppflags":[],"cxxflags":[],"fflags":[],"ldflags":[],"ldlibs":[]},"external":{"path":"/usr","module":null,"extra_attributes":{}},"package_hash":"25tj5wl7gil5nxhhfysfoef4x2hzf52n5eg4krohjeyw4o55r4vq====","hash":"cdfx5vegdwqasbfwq5utibyi6xqzujr5"},"hvlmesgedr4ynyyjruwrgmmvjsxomasl":{"name":"gmake","version":"4.4.1","arch":{"platform":"linux","platform_os":"ubuntu24.04","target":{"name":"zen4","vendor":"AuthenticAMD","features":["abm","aes","avx","avx2","avx512_bf16","avx512_bitalg","avx512_vbmi2","avx512_vnni","avx512_vpopcntdq","avx512bw","avx512cd","avx512dq","avx512f","avx512ifma","avx512vbmi","avx512vl","bmi1","bmi2","clflushopt","clwb","clzero","cx16","f16c","flush_l1d","fma","fsgsbase","gfni","mmx","movbe","pclmulqdq","pku","popcnt","rdseed","sse","sse2","sse4_1","sse4_2","sse4a","ssse3","vaes","vpclmulqdq","xsavec","xsaveopt"],"generation":0,"parents":["zen3","x86_64_v4"]}},"compiler":{"name":"gcc","version":"11.4.0"},"namespace":"builtin","parameters":{"build_system":"generic","guile":false,"cflags":[],"cppflags":[],"cxxflags":[],"fflags":[],"ldflags":[],"ldlibs":[]},"package_hash":"ghstvqlc3r7kgiikwx24xhcxdxcqdk5viinrzgm2mssqigfonika====","dependencies":[{"name":"gcc-runtime","hash":"miozlwwbc52az3csdo5o6ymxvp46eiow","parameters":{"deptypes":["link"],"virtuals":[]}},{"name":"glibc","hash":"cdfx5vegdwqasbfwq5utibyi6xqzujr5","parameters":{"deptypes":["link"],"virtuals":["libc"]}}],"hash":"hvlmesgedr4ynyyjruwrgmmvjsxomasl"},"3yaq6thzezz4scfnia6kuso2dofjto2x":{"name":"nghttp2","version":"1.61.0","arch":{"platform":"linux","platform_os":"ubuntu24.04","target":{"name":"zen4","vendor":"AuthenticAMD","features":["abm","aes","avx","avx2","avx512_bf16","avx512_bitalg","avx512_vbmi2","avx512_vnni","avx512_vpopcntdq","avx512bw","avx512cd","avx512dq","avx512f","avx512ifma","avx512vbmi","avx512vl","bmi1","bmi2","clflushopt","clwb","clzero","cx16","f16c","flush_l1d","fma","fsgsbase","gfni","mmx","movbe","pclmulqdq","pku","popcnt","rdseed","sse","sse2","sse4_1","sse4_2","sse4a","ssse3","vaes","vpclmulqdq","xsavec","xsaveopt"],"generation":0,"parents":["zen3","x86_64_v4"]}},"compiler":{"name":"gcc","version":"11.4.0"},"namespace":"builtin","parameters":{"build_system":"autotools","cflags":[],"cppflags":[],"cxxflags":[],"fflags":[],"ldflags":[],"ldlibs":[]},"package_hash":"6dlcuezxyasdali4g6bjjt4yteqwgh3h22d3xxosfh2xhqotl5yq====","dependencies":[{"name":"diffutils","hash":"vnvrckiezm2xfg4iv7il5f4nfed2wykb","parameters":{"deptypes":["build"],"virtuals":[]}},{"name":"gcc-runtime","hash":"miozlwwbc52az3csdo5o6ymxvp46eiow","parameters":{"deptypes":["link"],"virtuals":[]}},{"name":"glibc","hash":"cdfx5vegdwqasbfwq5utibyi6xqzujr5","parameters":{"deptypes":["link"],"virtuals":["libc"]}},{"name":"gmake","hash":"hvlmesgedr4ynyyjruwrgmmvjsxomasl","parameters":{"deptypes":["build"],"virtuals":[]}},{"name":"pkgconf","hash":"v3l2km4jiy3ojjfnr3u2bxmu52bgzimg","parameters":{"deptypes":["build"],"virtuals":["pkgconfig"]}}],"hash":"3yaq6thzezz4scfnia6kuso2dofjto2x"},"vnvrckiezm2xfg4iv7il5f4nfed2wykb":{"name":"diffutils","version":"3.10","arch":{"platform":"linux","platform_os":"ubuntu24.04","target":{"name":"zen4","vendor":"AuthenticAMD","features":["abm","aes","avx","avx2","avx512_bf16","avx512_bitalg","avx512_vbmi2","avx512_vnni","avx512_vpopcntdq","avx512bw","avx512cd","avx512dq","avx512f","avx512ifma","avx512vbmi","avx512vl","bmi1","bmi2","clflushopt","clwb","clzero","cx16","f16c","flush_l1d","fma","fsgsbase","gfni","mmx","movbe","pclmulqdq","pku","popcnt","rdseed","sse","sse2","sse4_1","sse4_2","sse4a","ssse3","vaes","vpclmulqdq","xsavec","xsaveopt"],"generation":0,"parents":["zen3","x86_64_v4"]}},"compiler":{"name":"gcc","version":"11.4.0"},"namespace":"builtin","parameters":{"build_system":"autotools","cflags":[],"cppflags":[],"cxxflags":[],"fflags":[],"ldflags":[],"ldlibs":[]},"package_hash":"kbmzdy7mgklc24qx55cvx7kq7hceby2yav4fnf64gfdo7epdghwa====","dependencies":[{"name":"gcc-runtime","hash":"miozlwwbc52az3csdo5o6ymxvp46eiow","parameters":{"deptypes":["link"],"virtuals":[]}},{"name":"glibc","hash":"cdfx5vegdwqasbfwq5utibyi6xqzujr5","parameters":{"deptypes":["build","link"],"virtuals":["iconv","libc"]}},{"name":"gmake","hash":"hvlmesgedr4ynyyjruwrgmmvjsxomasl","parameters":{"deptypes":["build"],"virtuals":[]}}],"hash":"vnvrckiezm2xfg4iv7il5f4nfed2wykb"},"v3l2km4jiy3ojjfnr3u2bxmu52bgzimg":{"name":"pkgconf","version":"2.2.0","arch":{"platform":"linux","platform_os":"ubuntu24.04","target":{"name":"zen4","vendor":"AuthenticAMD","features":["abm","aes","avx","avx2","avx512_bf16","avx512_bitalg","avx512_vbmi2","avx512_vnni","avx512_vpopcntdq","avx512bw","avx512cd","avx512dq","avx512f","avx512ifma","avx512vbmi","avx512vl","bmi1","bmi2","clflushopt","clwb","clzero","cx16","f16c","flush_l1d","fma","fsgsbase","gfni","mmx","movbe","pclmulqdq","pku","popcnt","rdseed","sse","sse2","sse4_1","sse4_2","sse4a","ssse3","vaes","vpclmulqdq","xsavec","xsaveopt"],"generation":0,"parents":["zen3","x86_64_v4"]}},"compiler":{"name":"gcc","version":"11.4.0"},"namespace":"builtin","parameters":{"build_system":"autotools","cflags":[],"cppflags":[],"cxxflags":[],"fflags":[],"ldflags":[],"ldlibs":[]},"package_hash":"gl6tpyarjlclzsal6wa4dtc7cdzprq36nbibalai4a6wgzblrseq====","dependencies":[{"name":"gcc-runtime","hash":"miozlwwbc52az3csdo5o6ymxvp46eiow","parameters":{"deptypes":["link"],"virtuals":[]}},{"name":"glibc","hash":"cdfx5vegdwqasbfwq5utibyi6xqzujr5","parameters":{"deptypes":["link"],"virtuals":["libc"]}},{"name":"gmake","hash":"hvlmesgedr4ynyyjruwrgmmvjsxomasl","parameters":{"deptypes":["build"],"virtuals":[]}}],"hash":"v3l2km4jiy3ojjfnr3u2bxmu52bgzimg"},"wbxb5m67nyvmq4j24yu3cocsmo33yysz":{"name":"openssl","version":"3.3.0","arch":{"platform":"linux","platform_os":"ubuntu24.04","target":{"name":"zen4","vendor":"AuthenticAMD","features":["abm","aes","avx","avx2","avx512_bf16","avx512_bitalg","avx512_vbmi2","avx512_vnni","avx512_vpopcntdq","avx512bw","avx512cd","avx512dq","avx512f","avx512ifma","avx512vbmi","avx512vl","bmi1","bmi2","clflushopt","clwb","clzero","cx16","f16c","flush_l1d","fma","fsgsbase","gfni","mmx","movbe","pclmulqdq","pku","popcnt","rdseed","sse","sse2","sse4_1","sse4_2","sse4a","ssse3","vaes","vpclmulqdq","xsavec","xsaveopt"],"generation":0,"parents":["zen3","x86_64_v4"]}},"compiler":{"name":"gcc","version":"11.4.0"},"namespace":"builtin","parameters":{"build_system":"generic","certs":"mozilla","docs":false,"shared":true,"cflags":[],"cppflags":[],"cxxflags":[],"fflags":[],"ldflags":[],"ldlibs":[]},"package_hash":"nosdt2e4evafjqgoepbjwjs5swb6yvf227cjdn5qwof6es7m53fa====","dependencies":[{"name":"ca-certificates-mozilla","hash":"iyraivbvcgu4fexjqed2owi4q53kangl","parameters":{"deptypes":["build"],"virtuals":[]}},{"name":"gcc-runtime","hash":"miozlwwbc52az3csdo5o6ymxvp46eiow","parameters":{"deptypes":["link"],"virtuals":[]}},{"name":"glibc","hash":"cdfx5vegdwqasbfwq5utibyi6xqzujr5","parameters":{"deptypes":["link"],"virtuals":["libc"]}},{"name":"gmake","hash":"hvlmesgedr4ynyyjruwrgmmvjsxomasl","parameters":{"deptypes":["build"],"virtuals":[]}},{"name":"perl","hash":"tha7qijd4xjznisxopc6czdnvn4d4nwt","parameters":{"deptypes":["build"],"virtuals":[]}},{"name":"zlib-ng","hash":"b2rmqxthgedu2h47dqokbqalsvymnp4e","parameters":{"deptypes":["build","link"],"virtuals":["zlib-api"]}}],"hash":"wbxb5m67nyvmq4j24yu3cocsmo33yysz"},"iyraivbvcgu4fexjqed2owi4q53kangl":{"name":"ca-certificates-mozilla","version":"2023-05-30","arch":{"platform":"linux","platform_os":"ubuntu24.04","target":{"name":"zen4","vendor":"AuthenticAMD","features":["abm","aes","avx","avx2","avx512_bf16","avx512_bitalg","avx512_vbmi2","avx512_vnni","avx512_vpopcntdq","avx512bw","avx512cd","avx512dq","avx512f","avx512ifma","avx512vbmi","avx512vl","bmi1","bmi2","clflushopt","clwb","clzero","cx16","f16c","flush_l1d","fma","fsgsbase","gfni","mmx","movbe","pclmulqdq","pku","popcnt","rdseed","sse","sse2","sse4_1","sse4_2","sse4a","ssse3","vaes","vpclmulqdq","xsavec","xsaveopt"],"generation":0,"parents":["zen3","x86_64_v4"]}},"compiler":{"name":"gcc","version":"11.4.0"},"namespace":"builtin","parameters":{"build_system":"generic","cflags":[],"cppflags":[],"cxxflags":[],"fflags":[],"ldflags":[],"ldlibs":[]},"package_hash":"63npvwqwo2x7i6emvnklh4mhcn45gx2qzveorybh5h2inwr55sea====","dependencies":[{"name":"gcc-runtime","hash":"miozlwwbc52az3csdo5o6ymxvp46eiow","parameters":{"deptypes":["link"],"virtuals":[]}},{"name":"glibc","hash":"cdfx5vegdwqasbfwq5utibyi6xqzujr5","parameters":{"deptypes":["link"],"virtuals":["libc"]}}],"hash":"iyraivbvcgu4fexjqed2owi4q53kangl"},"tha7qijd4xjznisxopc6czdnvn4d4nwt":{"name":"perl","version":"5.38.0","arch":{"platform":"linux","platform_os":"ubuntu24.04","target":{"name":"zen4","vendor":"AuthenticAMD","features":["abm","aes","avx","avx2","avx512_bf16","avx512_bitalg","avx512_vbmi2","avx512_vnni","avx512_vpopcntdq","avx512bw","avx512cd","avx512dq","avx512f","avx512ifma","avx512vbmi","avx512vl","bmi1","bmi2","clflushopt","clwb","clzero","cx16","f16c","flush_l1d","fma","fsgsbase","gfni","mmx","movbe","pclmulqdq","pku","popcnt","rdseed","sse","sse2","sse4_1","sse4_2","sse4a","ssse3","vaes","vpclmulqdq","xsavec","xsaveopt"],"generation":0,"parents":["zen3","x86_64_v4"]}},"compiler":{"name":"gcc","version":"11.4.0"},"namespace":"builtin","parameters":{"build_system":"generic","cpanm":true,"opcode":true,"open":true,"patches":["714e4d1c7496e6b23834e7c88da3d69139418860fbc488fe82fd226b450a4be7"],"shared":true,"threads":true,"cflags":[],"cppflags":[],"cxxflags":[],"fflags":[],"ldflags":[],"ldlibs":[]},"patches":["714e4d1c7496e6b23834e7c88da3d69139418860fbc488fe82fd226b450a4be7"],"package_hash":"ta4gjmwr42nirckhlozeuijm5sx4pvf76ydo7ee5ixwwcttrhxha====","dependencies":[{"name":"berkeley-db","hash":"ygrmxac33zdmjri65osmgcpf6wcdzqod","parameters":{"deptypes":["build","link"],"virtuals":[]}},{"name":"bzip2","hash":"td7l37dzebyldntkjvtoffa5zua4kl6o","parameters":{"deptypes":["build","link"],"virtuals":[]}},{"name":"gcc-runtime","hash":"miozlwwbc52az3csdo5o6ymxvp46eiow","parameters":{"deptypes":["link"],"virtuals":[]}},{"name":"gdbm","hash":"3kdkls6h3qfdqidrdpdcv6qpt7vaj4ov","parameters":{"deptypes":["build","link"],"virtuals":[]}},{"name":"glibc","hash":"cdfx5vegdwqasbfwq5utibyi6xqzujr5","parameters":{"deptypes":["link"],"virtuals":["libc"]}},{"name":"gmake","hash":"hvlmesgedr4ynyyjruwrgmmvjsxomasl","parameters":{"deptypes":["build"],"virtuals":[]}},{"name":"zlib-ng","hash":"b2rmqxthgedu2h47dqokbqalsvymnp4e","parameters":{"deptypes":["build","link"],"virtuals":["zlib-api"]}}],"hash":"tha7qijd4xjznisxopc6czdnvn4d4nwt"},"ygrmxac33zdmjri65osmgcpf6wcdzqod":{"name":"berkeley-db","version":"18.1.40","arch":{"platform":"linux","platform_os":"ubuntu24.04","target":{"name":"zen4","vendor":"AuthenticAMD","features":["abm","aes","avx","avx2","avx512_bf16","avx512_bitalg","avx512_vbmi2","avx512_vnni","avx512_vpopcntdq","avx512bw","avx512cd","avx512dq","avx512f","avx512ifma","avx512vbmi","avx512vl","bmi1","bmi2","clflushopt","clwb","clzero","cx16","f16c","flush_l1d","fma","fsgsbase","gfni","mmx","movbe","pclmulqdq","pku","popcnt","rdseed","sse","sse2","sse4_1","sse4_2","sse4a","ssse3","vaes","vpclmulqdq","xsavec","xsaveopt"],"generation":0,"parents":["zen3","x86_64_v4"]}},"compiler":{"name":"gcc","version":"11.4.0"},"namespace":"builtin","parameters":{"build_system":"autotools","cxx":true,"docs":false,"patches":["26090f418891757af46ac3b89a9f43d6eb5989f7a3dce3d1cfc99fba547203b3","b231fcc4d5cff05e5c3a4814f6a5af0e9a966428dc2176540d2c05aff41de522"],"stl":true,"cflags":[],"cppflags":[],"cxxflags":[],"fflags":[],"ldflags":[],"ldlibs":[]},"patches":["b231fcc4d5cff05e5c3a4814f6a5af0e9a966428dc2176540d2c05aff41de522","26090f418891757af46ac3b89a9f43d6eb5989f7a3dce3d1cfc99fba547203b3"],"package_hash":"h57ydfn33zevvzctzzioiiwjwe362izbbwncb6a26dfeno4y7tda====","dependencies":[{"name":"gcc-runtime","hash":"miozlwwbc52az3csdo5o6ymxvp46eiow","parameters":{"deptypes":["link"],"virtuals":[]}},{"name":"glibc","hash":"cdfx5vegdwqasbfwq5utibyi6xqzujr5","parameters":{"deptypes":["link"],"virtuals":["libc"]}},{"name":"gmake","hash":"hvlmesgedr4ynyyjruwrgmmvjsxomasl","parameters":{"deptypes":["build"],"virtuals":[]}}],"hash":"ygrmxac33zdmjri65osmgcpf6wcdzqod"},"td7l37dzebyldntkjvtoffa5zua4kl6o":{"name":"bzip2","version":"1.0.8","arch":{"platform":"linux","platform_os":"ubuntu24.04","target":{"name":"zen4","vendor":"AuthenticAMD","features":["abm","aes","avx","avx2","avx512_bf16","avx512_bitalg","avx512_vbmi2","avx512_vnni","avx512_vpopcntdq","avx512bw","avx512cd","avx512dq","avx512f","avx512ifma","avx512vbmi","avx512vl","bmi1","bmi2","clflushopt","clwb","clzero","cx16","f16c","flush_l1d","fma","fsgsbase","gfni","mmx","movbe","pclmulqdq","pku","popcnt","rdseed","sse","sse2","sse4_1","sse4_2","sse4a","ssse3","vaes","vpclmulqdq","xsavec","xsaveopt"],"generation":0,"parents":["zen3","x86_64_v4"]}},"compiler":{"name":"gcc","version":"11.4.0"},"namespace":"builtin","parameters":{"build_system":"generic","debug":false,"pic":false,"shared":true,"cflags":[],"cppflags":[],"cxxflags":[],"fflags":[],"ldflags":[],"ldlibs":[]},"package_hash":"wa33h4h2abj7tx5cndixz7bdwu5fspdaf2kjlqsinnearayw6fra====","dependencies":[{"name":"diffutils","hash":"vnvrckiezm2xfg4iv7il5f4nfed2wykb","parameters":{"deptypes":["build"],"virtuals":[]}},{"name":"gcc-runtime","hash":"miozlwwbc52az3csdo5o6ymxvp46eiow","parameters":{"deptypes":["link"],"virtuals":[]}},{"name":"glibc","hash":"cdfx5vegdwqasbfwq5utibyi6xqzujr5","parameters":{"deptypes":["link"],"virtuals":["libc"]}},{"name":"gmake","hash":"hvlmesgedr4ynyyjruwrgmmvjsxomasl","parameters":{"deptypes":["build"],"virtuals":[]}}],"hash":"td7l37dzebyldntkjvtoffa5zua4kl6o"},"3kdkls6h3qfdqidrdpdcv6qpt7vaj4ov":{"name":"gdbm","version":"1.23","arch":{"platform":"linux","platform_os":"ubuntu24.04","target":{"name":"zen4","vendor":"AuthenticAMD","features":["abm","aes","avx","avx2","avx512_bf16","avx512_bitalg","avx512_vbmi2","avx512_vnni","avx512_vpopcntdq","avx512bw","avx512cd","avx512dq","avx512f","avx512ifma","avx512vbmi","avx512vl","bmi1","bmi2","clflushopt","clwb","clzero","cx16","f16c","flush_l1d","fma","fsgsbase","gfni","mmx","movbe","pclmulqdq","pku","popcnt","rdseed","sse","sse2","sse4_1","sse4_2","sse4a","ssse3","vaes","vpclmulqdq","xsavec","xsaveopt"],"generation":0,"parents":["zen3","x86_64_v4"]}},"compiler":{"name":"gcc","version":"11.4.0"},"namespace":"builtin","parameters":{"build_system":"autotools","cflags":[],"cppflags":[],"cxxflags":[],"fflags":[],"ldflags":[],"ldlibs":[]},"package_hash":"liepxl6phlcxbgfmibxafhewtihlgaa4x3hko37ckqlafhxkrgdq====","dependencies":[{"name":"gcc-runtime","hash":"miozlwwbc52az3csdo5o6ymxvp46eiow","parameters":{"deptypes":["link"],"virtuals":[]}},{"name":"glibc","hash":"cdfx5vegdwqasbfwq5utibyi6xqzujr5","parameters":{"deptypes":["link"],"virtuals":["libc"]}},{"name":"gmake","hash":"hvlmesgedr4ynyyjruwrgmmvjsxomasl","parameters":{"deptypes":["build"],"virtuals":[]}},{"name":"readline","hash":"drmliv623zwoysaxmnltnremvw7ts6zm","parameters":{"deptypes":["build","link"],"virtuals":[]}}],"hash":"3kdkls6h3qfdqidrdpdcv6qpt7vaj4ov"},"drmliv623zwoysaxmnltnremvw7ts6zm":{"name":"readline","version":"8.2","arch":{"platform":"linux","platform_os":"ubuntu24.04","target":{"name":"zen4","vendor":"AuthenticAMD","features":["abm","aes","avx","avx2","avx512_bf16","avx512_bitalg","avx512_vbmi2","avx512_vnni","avx512_vpopcntdq","avx512bw","avx512cd","avx512dq","avx512f","avx512ifma","avx512vbmi","avx512vl","bmi1","bmi2","clflushopt","clwb","clzero","cx16","f16c","flush_l1d","fma","fsgsbase","gfni","mmx","movbe","pclmulqdq","pku","popcnt","rdseed","sse","sse2","sse4_1","sse4_2","sse4a","ssse3","vaes","vpclmulqdq","xsavec","xsaveopt"],"generation":0,"parents":["zen3","x86_64_v4"]}},"compiler":{"name":"gcc","version":"11.4.0"},"namespace":"builtin","parameters":{"build_system":"autotools","patches":["bbf97f1ec40a929edab5aa81998c1e2ef435436c597754916e6a5868f273aff7"],"cflags":[],"cppflags":[],"cxxflags":[],"fflags":[],"ldflags":[],"ldlibs":[]},"patches":["bbf97f1ec40a929edab5aa81998c1e2ef435436c597754916e6a5868f273aff7"],"package_hash":"oww6dmr7xqgg6j7iiluonxbcl4irqnnrip4vfkjdwujncwnuhwuq====","dependencies":[{"name":"gcc-runtime","hash":"miozlwwbc52az3csdo5o6ymxvp46eiow","parameters":{"deptypes":["link"],"virtuals":[]}},{"name":"glibc","hash":"cdfx5vegdwqasbfwq5utibyi6xqzujr5","parameters":{"deptypes":["link"],"virtuals":["libc"]}},{"name":"gmake","hash":"hvlmesgedr4ynyyjruwrgmmvjsxomasl","parameters":{"deptypes":["build"],"virtuals":[]}},{"name":"ncurses","hash":"dnduav3qirgxnjlggvjqbrwwjn5yhif2","parameters":{"deptypes":["build","link"],"virtuals":[]}}],"hash":"drmliv623zwoysaxmnltnremvw7ts6zm"},"dnduav3qirgxnjlggvjqbrwwjn5yhif2":{"name":"ncurses","version":"6.5","arch":{"platform":"linux","platform_os":"ubuntu24.04","target":{"name":"zen4","vendor":"AuthenticAMD","features":["abm","aes","avx","avx2","avx512_bf16","avx512_bitalg","avx512_vbmi2","avx512_vnni","avx512_vpopcntdq","avx512bw","avx512cd","avx512dq","avx512f","avx512ifma","avx512vbmi","avx512vl","bmi1","bmi2","clflushopt","clwb","clzero","cx16","f16c","flush_l1d","fma","fsgsbase","gfni","mmx","movbe","pclmulqdq","pku","popcnt","rdseed","sse","sse2","sse4_1","sse4_2","sse4a","ssse3","vaes","vpclmulqdq","xsavec","xsaveopt"],"generation":0,"parents":["zen3","x86_64_v4"]}},"compiler":{"name":"gcc","version":"11.4.0"},"namespace":"builtin","parameters":{"abi":"none","build_system":"autotools","patches":["7a351bc4953a4ab70dabdbea31c8db0c03d40ce505335f3b6687180dde24c535"],"symlinks":false,"termlib":true,"cflags":[],"cppflags":[],"cxxflags":[],"fflags":[],"ldflags":[],"ldlibs":[]},"patches":["7a351bc4953a4ab70dabdbea31c8db0c03d40ce505335f3b6687180dde24c535"],"package_hash":"rlqzqxoau3wwzu62x6qxlf4flon6b4n3p4zesnc6t2oyybrvnkwq====","dependencies":[{"name":"gcc-runtime","hash":"miozlwwbc52az3csdo5o6ymxvp46eiow","parameters":{"deptypes":["link"],"virtuals":[]}},{"name":"glibc","hash":"cdfx5vegdwqasbfwq5utibyi6xqzujr5","parameters":{"deptypes":["link"],"virtuals":["libc"]}},{"name":"gmake","hash":"hvlmesgedr4ynyyjruwrgmmvjsxomasl","parameters":{"deptypes":["build"],"virtuals":[]}},{"name":"pkgconf","hash":"v3l2km4jiy3ojjfnr3u2bxmu52bgzimg","parameters":{"deptypes":["build"],"virtuals":["pkgconfig"]}}],"hash":"dnduav3qirgxnjlggvjqbrwwjn5yhif2"},"b2rmqxthgedu2h47dqokbqalsvymnp4e":{"name":"zlib-ng","version":"2.1.6","arch":{"platform":"linux","platform_os":"ubuntu24.04","target":{"name":"zen4","vendor":"AuthenticAMD","features":["abm","aes","avx","avx2","avx512_bf16","avx512_bitalg","avx512_vbmi2","avx512_vnni","avx512_vpopcntdq","avx512bw","avx512cd","avx512dq","avx512f","avx512ifma","avx512vbmi","avx512vl","bmi1","bmi2","clflushopt","clwb","clzero","cx16","f16c","flush_l1d","fma","fsgsbase","gfni","mmx","movbe","pclmulqdq","pku","popcnt","rdseed","sse","sse2","sse4_1","sse4_2","sse4a","ssse3","vaes","vpclmulqdq","xsavec","xsaveopt"],"generation":0,"parents":["zen3","x86_64_v4"]}},"compiler":{"name":"gcc","version":"11.4.0"},"namespace":"builtin","parameters":{"build_system":"autotools","compat":true,"new_strategies":true,"opt":true,"pic":true,"shared":true,"cflags":[],"cppflags":[],"cxxflags":[],"fflags":[],"ldflags":[],"ldlibs":[]},"package_hash":"mulfc7ykutrxflhqn3h6pqypexmggje35ldj6ekqxn53zdhrkpuq====","dependencies":[{"name":"gcc-runtime","hash":"miozlwwbc52az3csdo5o6ymxvp46eiow","parameters":{"deptypes":["link"],"virtuals":[]}},{"name":"glibc","hash":"cdfx5vegdwqasbfwq5utibyi6xqzujr5","parameters":{"deptypes":["link"],"virtuals":["libc"]}},{"name":"gmake","hash":"hvlmesgedr4ynyyjruwrgmmvjsxomasl","parameters":{"deptypes":["build"],"virtuals":[]}}],"hash":"b2rmqxthgedu2h47dqokbqalsvymnp4e"},"apkaadd6nzo3uhonavxyd6aalyjqoxvf":{"name":"mpich","version":"4.2.1","arch":{"platform":"linux","platform_os":"ubuntu24.04","target":{"name":"zen4","vendor":"AuthenticAMD","features":["abm","aes","avx","avx2","avx512_bf16","avx512_bitalg","avx512_vbmi2","avx512_vnni","avx512_vpopcntdq","avx512bw","avx512cd","avx512dq","avx512f","avx512ifma","avx512vbmi","avx512vl","bmi1","bmi2","clflushopt","clwb","clzero","cx16","f16c","flush_l1d","fma","fsgsbase","gfni","mmx","movbe","pclmulqdq","pku","popcnt","rdseed","sse","sse2","sse4_1","sse4_2","sse4a","ssse3","vaes","vpclmulqdq","xsavec","xsaveopt"],"generation":0,"parents":["zen3","x86_64_v4"]}},"compiler":{"name":"gcc","version":"11.4.0"},"namespace":"builtin","parameters":{"argobots":false,"build_system":"autotools","cuda":false,"datatype-engine":"auto","device":"ch3","fortran":true,"hwloc":true,"hydra":true,"libxml2":true,"netmod":"tcp","pci":true,"pmi":"default","rocm":false,"romio":true,"slurm":false,"verbs":false,"wrapperrpath":true,"xpmem":false,"cflags":[],"cppflags":[],"cxxflags":[],"fflags":[],"ldflags":[],"ldlibs":[]},"package_hash":"7gabhz2fvwoeuoljrdqbslrlvplgvs4qy2uft2qcix7uhowtabua====","dependencies":[{"name":"findutils","hash":"zgynsflwl63kmirjvykqymiz444mr5ph","parameters":{"deptypes":["build"],"virtuals":[]}},{"name":"gcc-runtime","hash":"miozlwwbc52az3csdo5o6ymxvp46eiow","parameters":{"deptypes":["link"],"virtuals":[]}},{"name":"glibc","hash":"cdfx5vegdwqasbfwq5utibyi6xqzujr5","parameters":{"deptypes":["link"],"virtuals":["libc"]}},{"name":"gmake","hash":"hvlmesgedr4ynyyjruwrgmmvjsxomasl","parameters":{"deptypes":["build"],"virtuals":[]}},{"name":"hwloc","hash":"nnvtb6keecafp3bearwi247l3ribqw5h","parameters":{"deptypes":["build","link"],"virtuals":[]}},{"name":"libpciaccess","hash":"u37kcbrvc5ydi26f2m23ac3ukfqzt6os","parameters":{"deptypes":["build","link"],"virtuals":[]}},{"name":"libxml2","hash":"bry5cbnndfdrz3cfduxycylps2hukqzf","parameters":{"deptypes":["build","link"],"virtuals":[]}},{"name":"pkgconf","hash":"v3l2km4jiy3ojjfnr3u2bxmu52bgzimg","parameters":{"deptypes":["build"],"virtuals":["pkgconfig"]}}],"hash":"apkaadd6nzo3uhonavxyd6aalyjqoxvf"},"zgynsflwl63kmirjvykqymiz444mr5ph":{"name":"findutils","version":"4.9.0","arch":{"platform":"linux","platform_os":"ubuntu24.04","target":{"name":"zen4","vendor":"AuthenticAMD","features":["abm","aes","avx","avx2","avx512_bf16","avx512_bitalg","avx512_vbmi2","avx512_vnni","avx512_vpopcntdq","avx512bw","avx512cd","avx512dq","avx512f","avx512ifma","avx512vbmi","avx512vl","bmi1","bmi2","clflushopt","clwb","clzero","cx16","f16c","flush_l1d","fma","fsgsbase","gfni","mmx","movbe","pclmulqdq","pku","popcnt","rdseed","sse","sse2","sse4_1","sse4_2","sse4a","ssse3","vaes","vpclmulqdq","xsavec","xsaveopt"],"generation":0,"parents":["zen3","x86_64_v4"]}},"compiler":{"name":"gcc","version":"11.4.0"},"namespace":"builtin","parameters":{"build_system":"autotools","patches":["440b9543365b4692a2e6e0b5674809659846658d34d1dfc542c4397c8d668b92"],"cflags":[],"cppflags":[],"cxxflags":[],"fflags":[],"ldflags":[],"ldlibs":[]},"patches":["440b9543365b4692a2e6e0b5674809659846658d34d1dfc542c4397c8d668b92"],"package_hash":"bo3pd5cjg27xg6plm5x6znimvxfa2rj4br754j67zlk363w2hxvq====","dependencies":[{"name":"gcc-runtime","hash":"miozlwwbc52az3csdo5o6ymxvp46eiow","parameters":{"deptypes":["link"],"virtuals":[]}},{"name":"glibc","hash":"cdfx5vegdwqasbfwq5utibyi6xqzujr5","parameters":{"deptypes":["link"],"virtuals":["libc"]}},{"name":"gmake","hash":"hvlmesgedr4ynyyjruwrgmmvjsxomasl","parameters":{"deptypes":["build"],"virtuals":[]}}],"hash":"zgynsflwl63kmirjvykqymiz444mr5ph"},"nnvtb6keecafp3bearwi247l3ribqw5h":{"name":"hwloc","version":"2.9.1","arch":{"platform":"linux","platform_os":"ubuntu24.04","target":{"name":"zen4","vendor":"AuthenticAMD","features":["abm","aes","avx","avx2","avx512_bf16","avx512_bitalg","avx512_vbmi2","avx512_vnni","avx512_vpopcntdq","avx512bw","avx512cd","avx512dq","avx512f","avx512ifma","avx512vbmi","avx512vl","bmi1","bmi2","clflushopt","clwb","clzero","cx16","f16c","flush_l1d","fma","fsgsbase","gfni","mmx","movbe","pclmulqdq","pku","popcnt","rdseed","sse","sse2","sse4_1","sse4_2","sse4a","ssse3","vaes","vpclmulqdq","xsavec","xsaveopt"],"generation":0,"parents":["zen3","x86_64_v4"]}},"compiler":{"name":"gcc","version":"11.4.0"},"namespace":"builtin","parameters":{"build_system":"autotools","cairo":false,"cuda":false,"gl":false,"libs":["shared","static"],"libudev":false,"libxml2":true,"netloc":false,"nvml":false,"oneapi-level-zero":false,"opencl":false,"pci":true,"rocm":false,"cflags":[],"cppflags":[],"cxxflags":[],"fflags":[],"ldflags":[],"ldlibs":[]},"package_hash":"hir47frlnqog35tswqx57f2ncq3ymdf6gvi6mxhben2mxer3p4lq====","dependencies":[{"name":"gcc-runtime","hash":"miozlwwbc52az3csdo5o6ymxvp46eiow","parameters":{"deptypes":["link"],"virtuals":[]}},{"name":"glibc","hash":"cdfx5vegdwqasbfwq5utibyi6xqzujr5","parameters":{"deptypes":["link"],"virtuals":["libc"]}},{"name":"gmake","hash":"hvlmesgedr4ynyyjruwrgmmvjsxomasl","parameters":{"deptypes":["build"],"virtuals":[]}},{"name":"libpciaccess","hash":"u37kcbrvc5ydi26f2m23ac3ukfqzt6os","parameters":{"deptypes":["build","link"],"virtuals":[]}},{"name":"libxml2","hash":"bry5cbnndfdrz3cfduxycylps2hukqzf","parameters":{"deptypes":["build","link"],"virtuals":[]}},{"name":"ncurses","hash":"dnduav3qirgxnjlggvjqbrwwjn5yhif2","parameters":{"deptypes":["build","link"],"virtuals":[]}},{"name":"pkgconf","hash":"v3l2km4jiy3ojjfnr3u2bxmu52bgzimg","parameters":{"deptypes":["build"],"virtuals":["pkgconfig"]}}],"hash":"nnvtb6keecafp3bearwi247l3ribqw5h"},"u37kcbrvc5ydi26f2m23ac3ukfqzt6os":{"name":"libpciaccess","version":"0.17","arch":{"platform":"linux","platform_os":"ubuntu24.04","target":{"name":"zen4","vendor":"AuthenticAMD","features":["abm","aes","avx","avx2","avx512_bf16","avx512_bitalg","avx512_vbmi2","avx512_vnni","avx512_vpopcntdq","avx512bw","avx512cd","avx512dq","avx512f","avx512ifma","avx512vbmi","avx512vl","bmi1","bmi2","clflushopt","clwb","clzero","cx16","f16c","flush_l1d","fma","fsgsbase","gfni","mmx","movbe","pclmulqdq","pku","popcnt","rdseed","sse","sse2","sse4_1","sse4_2","sse4a","ssse3","vaes","vpclmulqdq","xsavec","xsaveopt"],"generation":0,"parents":["zen3","x86_64_v4"]}},"compiler":{"name":"gcc","version":"11.4.0"},"namespace":"builtin","parameters":{"build_system":"autotools","cflags":[],"cppflags":[],"cxxflags":[],"fflags":[],"ldflags":[],"ldlibs":[]},"package_hash":"zjibztp7iq2h3hgdgjs2dvk75m5nhxd2fwjr4cmpwvkidwbwk2dq====","dependencies":[{"name":"gcc-runtime","hash":"miozlwwbc52az3csdo5o6ymxvp46eiow","parameters":{"deptypes":["link"],"virtuals":[]}},{"name":"glibc","hash":"cdfx5vegdwqasbfwq5utibyi6xqzujr5","parameters":{"deptypes":["link"],"virtuals":["libc"]}},{"name":"gmake","hash":"hvlmesgedr4ynyyjruwrgmmvjsxomasl","parameters":{"deptypes":["build"],"virtuals":[]}},{"name":"libtool","hash":"cnqullrzvh6f27cnu2xjieqdqh2bnrcz","parameters":{"deptypes":["build"],"virtuals":[]}},{"name":"pkgconf","hash":"v3l2km4jiy3ojjfnr3u2bxmu52bgzimg","parameters":{"deptypes":["build"],"virtuals":["pkgconfig"]}},{"name":"util-macros","hash":"5dtyl2fihvsuiszt7uamwlw62gnvolgx","parameters":{"deptypes":["build"],"virtuals":[]}}],"hash":"u37kcbrvc5ydi26f2m23ac3ukfqzt6os"},"cnqullrzvh6f27cnu2xjieqdqh2bnrcz":{"name":"libtool","version":"2.4.7","arch":{"platform":"linux","platform_os":"ubuntu24.04","target":{"name":"zen4","vendor":"AuthenticAMD","features":["abm","aes","avx","avx2","avx512_bf16","avx512_bitalg","avx512_vbmi2","avx512_vnni","avx512_vpopcntdq","avx512bw","avx512cd","avx512dq","avx512f","avx512ifma","avx512vbmi","avx512vl","bmi1","bmi2","clflushopt","clwb","clzero","cx16","f16c","flush_l1d","fma","fsgsbase","gfni","mmx","movbe","pclmulqdq","pku","popcnt","rdseed","sse","sse2","sse4_1","sse4_2","sse4a","ssse3","vaes","vpclmulqdq","xsavec","xsaveopt"],"generation":0,"parents":["zen3","x86_64_v4"]}},"compiler":{"name":"gcc","version":"11.4.0"},"namespace":"builtin","parameters":{"build_system":"autotools","cflags":[],"cppflags":[],"cxxflags":[],"fflags":[],"ldflags":[],"ldlibs":[]},"package_hash":"7lyavyiwpnrhw7tfv5vgri32at345gdegbixiskk63ext2f5rzza====","dependencies":[{"name":"findutils","hash":"zgynsflwl63kmirjvykqymiz444mr5ph","parameters":{"deptypes":["run"],"virtuals":[]}},{"name":"gcc-runtime","hash":"miozlwwbc52az3csdo5o6ymxvp46eiow","parameters":{"deptypes":["link"],"virtuals":[]}},{"name":"glibc","hash":"cdfx5vegdwqasbfwq5utibyi6xqzujr5","parameters":{"deptypes":["link"],"virtuals":["libc"]}},{"name":"gmake","hash":"hvlmesgedr4ynyyjruwrgmmvjsxomasl","parameters":{"deptypes":["build"],"virtuals":[]}},{"name":"m4","hash":"ina6t7wr6re5xap7oqsfmlgzut422gh5","parameters":{"deptypes":["build"],"virtuals":[]}}],"hash":"cnqullrzvh6f27cnu2xjieqdqh2bnrcz"},"ina6t7wr6re5xap7oqsfmlgzut422gh5":{"name":"m4","version":"1.4.19","arch":{"platform":"linux","platform_os":"ubuntu24.04","target":{"name":"zen4","vendor":"AuthenticAMD","features":["abm","aes","avx","avx2","avx512_bf16","avx512_bitalg","avx512_vbmi2","avx512_vnni","avx512_vpopcntdq","avx512bw","avx512cd","avx512dq","avx512f","avx512ifma","avx512vbmi","avx512vl","bmi1","bmi2","clflushopt","clwb","clzero","cx16","f16c","flush_l1d","fma","fsgsbase","gfni","mmx","movbe","pclmulqdq","pku","popcnt","rdseed","sse","sse2","sse4_1","sse4_2","sse4a","ssse3","vaes","vpclmulqdq","xsavec","xsaveopt"],"generation":0,"parents":["zen3","x86_64_v4"]}},"compiler":{"name":"gcc","version":"11.4.0"},"namespace":"builtin","parameters":{"build_system":"autotools","patches":["9dc5fbd0d5cb1037ab1e6d0ecc74a30df218d0a94bdd5a02759a97f62daca573","bfdffa7c2eb01021d5849b36972c069693654ad826c1a20b53534009a4ec7a89"],"sigsegv":true,"cflags":[],"cppflags":[],"cxxflags":[],"fflags":[],"ldflags":[],"ldlibs":[]},"patches":["bfdffa7c2eb01021d5849b36972c069693654ad826c1a20b53534009a4ec7a89","9dc5fbd0d5cb1037ab1e6d0ecc74a30df218d0a94bdd5a02759a97f62daca573"],"package_hash":"npb7a53yz7wqx4nvnasxwgzxaoiks6sdjz2eugrgkjxs4ml24xea====","dependencies":[{"name":"diffutils","hash":"vnvrckiezm2xfg4iv7il5f4nfed2wykb","parameters":{"deptypes":["build"],"virtuals":[]}},{"name":"gcc-runtime","hash":"miozlwwbc52az3csdo5o6ymxvp46eiow","parameters":{"deptypes":["link"],"virtuals":[]}},{"name":"glibc","hash":"cdfx5vegdwqasbfwq5utibyi6xqzujr5","parameters":{"deptypes":["link"],"virtuals":["libc"]}},{"name":"gmake","hash":"hvlmesgedr4ynyyjruwrgmmvjsxomasl","parameters":{"deptypes":["build"],"virtuals":[]}},{"name":"libsigsegv","hash":"kzf7lr3v5axgv3p7rujsrheqvleawwzh","parameters":{"deptypes":["build","link"],"virtuals":[]}}],"hash":"ina6t7wr6re5xap7oqsfmlgzut422gh5"},"kzf7lr3v5axgv3p7rujsrheqvleawwzh":{"name":"libsigsegv","version":"2.14","arch":{"platform":"linux","platform_os":"ubuntu24.04","target":{"name":"zen4","vendor":"AuthenticAMD","features":["abm","aes","avx","avx2","avx512_bf16","avx512_bitalg","avx512_vbmi2","avx512_vnni","avx512_vpopcntdq","avx512bw","avx512cd","avx512dq","avx512f","avx512ifma","avx512vbmi","avx512vl","bmi1","bmi2","clflushopt","clwb","clzero","cx16","f16c","flush_l1d","fma","fsgsbase","gfni","mmx","movbe","pclmulqdq","pku","popcnt","rdseed","sse","sse2","sse4_1","sse4_2","sse4a","ssse3","vaes","vpclmulqdq","xsavec","xsaveopt"],"generation":0,"parents":["zen3","x86_64_v4"]}},"compiler":{"name":"gcc","version":"11.4.0"},"namespace":"builtin","parameters":{"build_system":"autotools","cflags":[],"cppflags":[],"cxxflags":[],"fflags":[],"ldflags":[],"ldlibs":[]},"package_hash":"ypp3sciaprcyojozq2c5gqugtewmr5ytjbfpycyhu6wivtky7rja====","dependencies":[{"name":"gcc-runtime","hash":"miozlwwbc52az3csdo5o6ymxvp46eiow","parameters":{"deptypes":["link"],"virtuals":[]}},{"name":"glibc","hash":"cdfx5vegdwqasbfwq5utibyi6xqzujr5","parameters":{"deptypes":["link"],"virtuals":["libc"]}},{"name":"gmake","hash":"hvlmesgedr4ynyyjruwrgmmvjsxomasl","parameters":{"deptypes":["build"],"virtuals":[]}}],"hash":"kzf7lr3v5axgv3p7rujsrheqvleawwzh"},"5dtyl2fihvsuiszt7uamwlw62gnvolgx":{"name":"util-macros","version":"1.19.3","arch":{"platform":"linux","platform_os":"ubuntu24.04","target":{"name":"zen4","vendor":"AuthenticAMD","features":["abm","aes","avx","avx2","avx512_bf16","avx512_bitalg","avx512_vbmi2","avx512_vnni","avx512_vpopcntdq","avx512bw","avx512cd","avx512dq","avx512f","avx512ifma","avx512vbmi","avx512vl","bmi1","bmi2","clflushopt","clwb","clzero","cx16","f16c","flush_l1d","fma","fsgsbase","gfni","mmx","movbe","pclmulqdq","pku","popcnt","rdseed","sse","sse2","sse4_1","sse4_2","sse4a","ssse3","vaes","vpclmulqdq","xsavec","xsaveopt"],"generation":0,"parents":["zen3","x86_64_v4"]}},"compiler":{"name":"gcc","version":"11.4.0"},"namespace":"builtin","parameters":{"build_system":"autotools","cflags":[],"cppflags":[],"cxxflags":[],"fflags":[],"ldflags":[],"ldlibs":[]},"package_hash":"5atggv5uirdl2trmzmewkonyvzmzg6sg46zpvurdk43wi2gpr7pa====","dependencies":[{"name":"gcc-runtime","hash":"miozlwwbc52az3csdo5o6ymxvp46eiow","parameters":{"deptypes":["link"],"virtuals":[]}},{"name":"glibc","hash":"cdfx5vegdwqasbfwq5utibyi6xqzujr5","parameters":{"deptypes":["link"],"virtuals":["libc"]}},{"name":"gmake","hash":"hvlmesgedr4ynyyjruwrgmmvjsxomasl","parameters":{"deptypes":["build"],"virtuals":[]}}],"hash":"5dtyl2fihvsuiszt7uamwlw62gnvolgx"},"bry5cbnndfdrz3cfduxycylps2hukqzf":{"name":"libxml2","version":"2.10.3","arch":{"platform":"linux","platform_os":"ubuntu24.04","target":{"name":"zen4","vendor":"AuthenticAMD","features":["abm","aes","avx","avx2","avx512_bf16","avx512_bitalg","avx512_vbmi2","avx512_vnni","avx512_vpopcntdq","avx512bw","avx512cd","avx512dq","avx512f","avx512ifma","avx512vbmi","avx512vl","bmi1","bmi2","clflushopt","clwb","clzero","cx16","f16c","flush_l1d","fma","fsgsbase","gfni","mmx","movbe","pclmulqdq","pku","popcnt","rdseed","sse","sse2","sse4_1","sse4_2","sse4a","ssse3","vaes","vpclmulqdq","xsavec","xsaveopt"],"generation":0,"parents":["zen3","x86_64_v4"]}},"compiler":{"name":"gcc","version":"11.4.0"},"namespace":"builtin","parameters":{"build_system":"autotools","pic":true,"python":false,"shared":true,"cflags":[],"cppflags":[],"cxxflags":[],"fflags":[],"ldflags":[],"ldlibs":[]},"package_hash":"squqo2aayigwxdusu3q3syojwit5gqdh6q4un576652hy4gytxcq====","dependencies":[{"name":"gcc-runtime","hash":"miozlwwbc52az3csdo5o6ymxvp46eiow","parameters":{"deptypes":["link"],"virtuals":[]}},{"name":"glibc","hash":"cdfx5vegdwqasbfwq5utibyi6xqzujr5","parameters":{"deptypes":["build","link"],"virtuals":["iconv","libc"]}},{"name":"gmake","hash":"hvlmesgedr4ynyyjruwrgmmvjsxomasl","parameters":{"deptypes":["build"],"virtuals":[]}},{"name":"pkgconf","hash":"v3l2km4jiy3ojjfnr3u2bxmu52bgzimg","parameters":{"deptypes":["build"],"virtuals":["pkgconfig"]}},{"name":"xz","hash":"vrqdojizqqclmre4tp3rwypzhfnwqw4b","parameters":{"deptypes":["build","link"],"virtuals":[]}},{"name":"zlib-ng","hash":"b2rmqxthgedu2h47dqokbqalsvymnp4e","parameters":{"deptypes":["build","link"],"virtuals":["zlib-api"]}}],"hash":"bry5cbnndfdrz3cfduxycylps2hukqzf"},"vrqdojizqqclmre4tp3rwypzhfnwqw4b":{"name":"xz","version":"5.4.6","arch":{"platform":"linux","platform_os":"ubuntu24.04","target":{"name":"zen4","vendor":"AuthenticAMD","features":["abm","aes","avx","avx2","avx512_bf16","avx512_bitalg","avx512_vbmi2","avx512_vnni","avx512_vpopcntdq","avx512bw","avx512cd","avx512dq","avx512f","avx512ifma","avx512vbmi","avx512vl","bmi1","bmi2","clflushopt","clwb","clzero","cx16","f16c","flush_l1d","fma","fsgsbase","gfni","mmx","movbe","pclmulqdq","pku","popcnt","rdseed","sse","sse2","sse4_1","sse4_2","sse4a","ssse3","vaes","vpclmulqdq","xsavec","xsaveopt"],"generation":0,"parents":["zen3","x86_64_v4"]}},"compiler":{"name":"gcc","version":"11.4.0"},"namespace":"builtin","parameters":{"build_system":"autotools","libs":["shared","static"],"pic":false,"cflags":[],"cppflags":[],"cxxflags":[],"fflags":[],"ldflags":[],"ldlibs":[]},"package_hash":"zt5vu2vph2v2qjwgdbe7btgcz7axpyalorcsqiuxhrg5grwgrrvq====","dependencies":[{"name":"gcc-runtime","hash":"miozlwwbc52az3csdo5o6ymxvp46eiow","parameters":{"deptypes":["link"],"virtuals":[]}},{"name":"glibc","hash":"cdfx5vegdwqasbfwq5utibyi6xqzujr5","parameters":{"deptypes":["link"],"virtuals":["libc"]}},{"name":"gmake","hash":"hvlmesgedr4ynyyjruwrgmmvjsxomasl","parameters":{"deptypes":["build"],"virtuals":[]}}],"hash":"vrqdojizqqclmre4tp3rwypzhfnwqw4b"},"ejgtxiprqietcc767myanwu7q2e3y4ng":{"name":"netlib-scalapack","version":"2.2.0","arch":{"platform":"linux","platform_os":"ubuntu24.04","target":{"name":"zen4","vendor":"AuthenticAMD","features":["abm","aes","avx","avx2","avx512_bf16","avx512_bitalg","avx512_vbmi2","avx512_vnni","avx512_vpopcntdq","avx512bw","avx512cd","avx512dq","avx512f","avx512ifma","avx512vbmi","avx512vl","bmi1","bmi2","clflushopt","clwb","clzero","cx16","f16c","flush_l1d","fma","fsgsbase","gfni","mmx","movbe","pclmulqdq","pku","popcnt","rdseed","sse","sse2","sse4_1","sse4_2","sse4a","ssse3","vaes","vpclmulqdq","xsavec","xsaveopt"],"generation":0,"parents":["zen3","x86_64_v4"]}},"compiler":{"name":"gcc","version":"11.4.0"},"namespace":"builtin","parameters":{"build_system":"cmake","build_type":"Release","generator":"make","ipo":false,"patches":["072b006e485f0ca4cba56096912a986e4d3da73aae51c2205928aa5eb842cefd","1c9ce5fee1451a08c2de3cc87f446aeda0b818ebbce4ad0d980ddf2f2a0b2dc4","244a9aadb1b1e212ed1390f492afa827189c940524b7ab17053d00130a12577b"],"pic":false,"shared":true,"cflags":[],"cppflags":[],"cxxflags":[],"fflags":[],"ldflags":[],"ldlibs":[]},"patches":["1c9ce5fee1451a08c2de3cc87f446aeda0b818ebbce4ad0d980ddf2f2a0b2dc4","072b006e485f0ca4cba56096912a986e4d3da73aae51c2205928aa5eb842cefd","244a9aadb1b1e212ed1390f492afa827189c940524b7ab17053d00130a12577b"],"package_hash":"5x3ghsgubvxnna7mbazfof7dq3xuunvayrjuzhrkquo2zozasvaq====","dependencies":[{"name":"cmake","hash":"ayfdjfsb4chj7x36cgaadhjsdzeq5o5n","parameters":{"deptypes":["build"],"virtuals":[]}},{"name":"gcc-runtime","hash":"miozlwwbc52az3csdo5o6ymxvp46eiow","parameters":{"deptypes":["link"],"virtuals":[]}},{"name":"glibc","hash":"cdfx5vegdwqasbfwq5utibyi6xqzujr5","parameters":{"deptypes":["link"],"virtuals":["libc"]}},{"name":"gmake","hash":"hvlmesgedr4ynyyjruwrgmmvjsxomasl","parameters":{"deptypes":["build"],"virtuals":[]}},{"name":"mpich","hash":"apkaadd6nzo3uhonavxyd6aalyjqoxvf","parameters":{"deptypes":["build","link"],"virtuals":["mpi"]}},{"name":"openblas","hash":"emmmfhmtnz6rbhy3bju7s2rea7elift6","parameters":{"deptypes":["build","link"],"virtuals":["blas","lapack"]}}],"hash":"ejgtxiprqietcc767myanwu7q2e3y4ng"},"emmmfhmtnz6rbhy3bju7s2rea7elift6":{"name":"openblas","version":"0.3.26","arch":{"platform":"linux","platform_os":"ubuntu24.04","target":{"name":"zen4","vendor":"AuthenticAMD","features":["abm","aes","avx","avx2","avx512_bf16","avx512_bitalg","avx512_vbmi2","avx512_vnni","avx512_vpopcntdq","avx512bw","avx512cd","avx512dq","avx512f","avx512ifma","avx512vbmi","avx512vl","bmi1","bmi2","clflushopt","clwb","clzero","cx16","f16c","flush_l1d","fma","fsgsbase","gfni","mmx","movbe","pclmulqdq","pku","popcnt","rdseed","sse","sse2","sse4_1","sse4_2","sse4a","ssse3","vaes","vpclmulqdq","xsavec","xsaveopt"],"generation":0,"parents":["zen3","x86_64_v4"]}},"compiler":{"name":"gcc","version":"11.4.0"},"namespace":"builtin","parameters":{"bignuma":false,"build_system":"makefile","consistent_fpcsr":false,"dynamic_dispatch":true,"fortran":true,"ilp64":false,"locking":true,"pic":true,"shared":true,"symbol_suffix":"none","threads":"none","cflags":[],"cppflags":[],"cxxflags":[],"fflags":[],"ldflags":[],"ldlibs":[]},"package_hash":"kwsbfllo5wlodjr2m4csqhffjsxeapwzrzlz5q6gpzwx6vxcpgxa====","dependencies":[{"name":"gcc-runtime","hash":"miozlwwbc52az3csdo5o6ymxvp46eiow","parameters":{"deptypes":["link"],"virtuals":[]}},{"name":"glibc","hash":"cdfx5vegdwqasbfwq5utibyi6xqzujr5","parameters":{"deptypes":["link"],"virtuals":["libc"]}},{"name":"gmake","hash":"hvlmesgedr4ynyyjruwrgmmvjsxomasl","parameters":{"deptypes":["build"],"virtuals":[]}},{"name":"perl","hash":"tha7qijd4xjznisxopc6czdnvn4d4nwt","parameters":{"deptypes":["build"],"virtuals":[]}}],"hash":"emmmfhmtnz6rbhy3bju7s2rea7elift6"}}}